
Microsoft Visual Studio Solution File, Format Version 12.00
# Visual Studio Version 16
VisualStudioVersion = 16.0.30114.105
MinimumVisualStudioVersion = 10.0.40219.1
Project("{9A19103F-16F7-4668-BE54-9A1E7A4F7556}") = "ProyAppVangAPI", "ProyAppVangAPI\ProyAppVangAPI.csproj", "{854E03FB-1626-4B1C-A596-B661430E2730}"
EndProject
Project("{9A19103F-16F7-4668-BE54-9A1E7A4F7556}") = "ProyAppVangAPI.Core", "ProyAppVangAPI.Core\ProyAppVangAPI.Core.csproj", "{AB42A3F8-0ED9-47F6-8913-7E763AD3801F}"
EndProject
Project("{9A19103F-16F7-4668-BE54-9A1E7A4F7556}") = "ProyAppVangAPI.Infrastructure", "ProyAppVangAPI.Infrastructure\ProyAppVangAPI.Infrastructure.csproj", "{DB26AF65-0725-4FF2-BD90-5C361BBE54FF}"
EndProject
Project("{FAE04EC0-301F-11D3-BF4B-00C04F79EFBC}") = "ProyAppVangAPI.Tests", "ProyAppVangAPI.Tests\ProyAppVangAPI.Tests.csproj", "{95AE9F03-0C21-42D9-A7C8-264D6FAA1018}"
	ProjectSection(ProjectDependencies) = postProject
		{AB42A3F8-0ED9-47F6-8913-7E763AD3801F} = {AB42A3F8-0ED9-47F6-8913-7E763AD3801F}
	EndProjectSection
EndProject
Global
	GlobalSection(SolutionConfigurationPlatforms) = preSolution
		Debug|Any CPU = Debug|Any CPU
		Release|Any CPU = Release|Any CPU
	EndGlobalSection
	GlobalSection(ProjectConfigurationPlatforms) = postSolution
		{854E03FB-1626-4B1C-A596-B661430E2730}.Debug|Any CPU.ActiveCfg = Debug|Any CPU
		{854E03FB-1626-4B1C-A596-B661430E2730}.Debug|Any CPU.Build.0 = Debug|Any CPU
		{854E03FB-1626-4B1C-A596-B661430E2730}.Release|Any CPU.ActiveCfg = Release|Any CPU
		{854E03FB-1626-4B1C-A596-B661430E2730}.Release|Any CPU.Build.0 = Release|Any CPU
		{AB42A3F8-0ED9-47F6-8913-7E763AD3801F}.Debug|Any CPU.ActiveCfg = Debug|Any CPU
		{AB42A3F8-0ED9-47F6-8913-7E763AD3801F}.Debug|Any CPU.Build.0 = Debug|Any CPU
		{AB42A3F8-0ED9-47F6-8913-7E763AD3801F}.Release|Any CPU.ActiveCfg = Release|Any CPU
		{AB42A3F8-0ED9-47F6-8913-7E763AD3801F}.Release|Any CPU.Build.0 = Release|Any CPU
		{DB26AF65-0725-4FF2-BD90-5C361BBE54FF}.Debug|Any CPU.ActiveCfg = Debug|Any CPU
		{DB26AF65-0725-4FF2-BD90-5C361BBE54FF}.Debug|Any CPU.Build.0 = Debug|Any CPU
		{DB26AF65-0725-4FF2-BD90-5C361BBE54FF}.Release|Any CPU.ActiveCfg = Release|Any CPU
		{DB26AF65-0725-4FF2-BD90-5C361BBE54FF}.Release|Any CPU.Build.0 = Release|Any CPU
		{95AE9F03-0C21-42D9-A7C8-264D6FAA1018}.Debug|Any CPU.ActiveCfg = Debug|Any CPU
		{95AE9F03-0C21-42D9-A7C8-264D6FAA1018}.Debug|Any CPU.Build.0 = Debug|Any CPU
		{95AE9F03-0C21-42D9-A7C8-264D6FAA1018}.Release|Any CPU.ActiveCfg = Release|Any CPU
		{95AE9F03-0C21-42D9-A7C8-264D6FAA1018}.Release|Any CPU.Build.0 = Release|Any CPU
	EndGlobalSection
	GlobalSection(SolutionProperties) = preSolution
		HideSolutionNode = FALSE
	EndGlobalSection
	GlobalSection(ExtensibilityGlobals) = postSolution
		SolutionGuid = {44EC5B39-A535-48DB-9E88-E5270ADF80F9}
	EndGlobalSection
EndGlobal
